
Microsoft Visual Studio Solution File, Format Version 12.00
# Visual Studio 15
VisualStudioVersion = 15.0.26430.16
MinimumVisualStudioVersion = 10.0.40219.1
Project("{FAE04EC0-301F-11D3-BF4B-00C04F79EFBC}") = "MvcMovie", "MvcMovie\MvcMovie.csproj", "{C11E5C87-FE97-4AD8-9A36-140CF05D251D}"
EndProject
Global
	GlobalSection(SolutionConfigurationPlatforms) = preSolution
		Debug|Any CPU = Debug|Any CPU
		Release|Any CPU = Release|Any CPU
	EndGlobalSection
	GlobalSection(ProjectConfigurationPlatforms) = postSolution
		{C11E5C87-FE97-4AD8-9A36-140CF05D251D}.Debug|Any CPU.ActiveCfg = Debug|Any CPU
		{C11E5C87-FE97-4AD8-9A36-140CF05D251D}.Debug|Any CPU.Build.0 = Debug|Any CPU
		{C11E5C87-FE97-4AD8-9A36-140CF05D251D}.Release|Any CPU.ActiveCfg = Release|Any CPU
		{C11E5C87-FE97-4AD8-9A36-140CF05D251D}.Release|Any CPU.Build.0 = Release|Any CPU
	EndGlobalSection
	GlobalSection(SolutionProperties) = preSolution
		HideSolutionNode = FALSE
	EndGlobalSection
EndGlobal
